{
  "name": "luigi",
  "version": "0.9.6",
  "lockfileVersion": 2,
  "requires": true,
  "packages": {
    "": {
      "name": "luigi",
      "version": "0.9.6",
      "hasInstallScript": true,
      "license": "AGPL-3.0",
      "dependencies": {
        "cnoke": "*"
      },
      "bin": {
        "luigi": "src/luigi.js"
      }
    },
    "node_modules/cnoke": {
      "version": "0.9.7",
      "resolved": "https://registry.npmjs.org/cnoke/-/cnoke-0.9.7.tgz",
      "integrity": "sha512-fTBe/nFHBYqj0h3Ho6zgeRLL0XNibtfagED3tKdmOYxvstCJK4u346/DoGPmpB6ay/QEeXhDIzw5VIjA8A7MxA==",
      "bin": {
        "cnoke": "cnoke.js"
      }
    }
  },
  "dependencies": {
    "cnoke": {
      "version": "0.9.7",
      "resolved": "https://registry.npmjs.org/cnoke/-/cnoke-0.9.7.tgz",
      "integrity": "sha512-fTBe/nFHBYqj0h3Ho6zgeRLL0XNibtfagED3tKdmOYxvstCJK4u346/DoGPmpB6ay/QEeXhDIzw5VIjA8A7MxA=="
    }
  }
}
